// !$*UTF8*$!
{
	archiveVersion = 1;
	classes = {
	};
	objectVersion = 56;
	objects = {

/* Begin PBXBuildFile section */
		000000000000000000000100 /* Assets.xcassets in Resources */ = {isa = PBXBuildFile; fileRef = 000000000000000000000200 /* Assets.xcassets */; };
		000000000000000000000101 /* OrbitNoteApp.swift in Sources */ = {isa = PBXBuildFile; fileRef = 000000000000000000000201 /* OrbitNoteApp.swift */; };
		000000000000000000000102 /* RootView.swift in Sources */ = {isa = PBXBuildFile; fileRef = 000000000000000000000202 /* RootView.swift */; };
		000000000000000000000103 /* OrbitEntry.swift in Sources */ = {isa = PBXBuildFile; fileRef = 000000000000000000000203 /* OrbitEntry.swift */; };
		000000000000000000000104 /* OrbitTheme.swift in Sources */ = {isa = PBXBuildFile; fileRef = 000000000000000000000204 /* OrbitTheme.swift */; };
		000000000000000000000105 /* OrbitStore.swift in Sources */ = {isa = PBXBuildFile; fileRef = 000000000000000000000205 /* OrbitStore.swift */; };
		000000000000000000000106 /* GlassCard.swift in Sources */ = {isa = PBXBuildFile; fileRef = 000000000000000000000206 /* GlassCard.swift */; };
		000000000000000000000107 /* Pills.swift in Sources */ = {isa = PBXBuildFile; fileRef = 000000000000000000000207 /* Pills.swift */; };
		000000000000000000000108 /* OrbitPoint.swift in Sources */ = {isa = PBXBuildFile; fileRef = 000000000000000000000208 /* OrbitPoint.swift */; };
		000000000000000000000109 /* OrbitCanvas.swift in Sources */ = {isa = PBXBuildFile; fileRef = 000000000000000000000209 /* OrbitCanvas.swift */; };
		00000000000000000000010A /* OrbitSummaryCard.swift in Sources */ = {isa = PBXBuildFile; fileRef = 00000000000000000000020A /* OrbitSummaryCard.swift */; };
		00000000000000000000010B /* MiniOrbitCard.swift in Sources */ = {isa = PBXBuildFile; fileRef = 00000000000000000000020B /* MiniOrbitCard.swift */; };
		00000000000000000000010C /* EmptyState.swift in Sources */ = {isa = PBXBuildFile; fileRef = 00000000000000000000020C /* EmptyState.swift */; };
		00000000000000000000010D /* OrbitHomeView.swift in Sources */ = {isa = PBXBuildFile; fileRef = 00000000000000000000020D /* OrbitHomeView.swift */; };
		00000000000000000000010E /* OrbitDetailView.swift in Sources */ = {isa = PBXBuildFile; fileRef = 00000000000000000000020E /* OrbitDetailView.swift */; };
		00000000000000000000010F /* AddEntryView.swift in Sources */ = {isa = PBXBuildFile; fileRef = 00000000000000000000020F /* AddEntryView.swift */; };
		000000000000000000000110 /* TimelineScreen.swift in Sources */ = {isa = PBXBuildFile; fileRef = 000000000000000000000210 /* TimelineScreen.swift */; };
		000000000000000000000111 /* DayOrbitDetailView.swift in Sources */ = {isa = PBXBuildFile; fileRef = 000000000000000000000211 /* DayOrbitDetailView.swift */; };
		000000000000000000000112 /* MeView.swift in Sources */ = {isa = PBXBuildFile; fileRef = 000000000000000000000212 /* MeView.swift */; };
		000000000000000000000113 /* OrbitEntryModel.swift in Sources */ = {isa = PBXBuildFile; fileRef = 000000000000000000000213 /* OrbitEntryModel.swift */; };
		000000000000000000000114 /* OrbitSeedData.swift in Sources */ = {isa = PBXBuildFile; fileRef = 000000000000000000000214 /* OrbitSeedData.swift */; };
		000000000000000000000115 /* OrbitExportService.swift in Sources */ = {isa = PBXBuildFile; fileRef = 000000000000000000000215 /* OrbitExportService.swift */; };
		000000000000000000000116 /* ShareSheet.swift in Sources */ = {isa = PBXBuildFile; fileRef = 000000000000000000000216 /* ShareSheet.swift */; };
		000000000000000000000117 /* ToastBanner.swift in Sources */ = {isa = PBXBuildFile; fileRef = 000000000000000000000217 /* ToastBanner.swift */; };
		000000000000000000000118 /* OnboardingView.swift in Sources */ = {isa = PBXBuildFile; fileRef = 000000000000000000000218 /* OnboardingView.swift */; };
		000000000000000000000119 /* ReminderService.swift in Sources */ = {isa = PBXBuildFile; fileRef = 000000000000000000000219 /* ReminderService.swift */; };
		00000000000000000000011A /* OrbitWidgetSnapshot.swift in Sources */ = {isa = PBXBuildFile; fileRef = 00000000000000000000021A /* OrbitWidgetSnapshot.swift */; };
		00000000000000000000011B /* WidgetSnapshotService.swift in Sources */ = {isa = PBXBuildFile; fileRef = 00000000000000000000021B /* WidgetSnapshotService.swift */; };
		00000000000000000000011C /* OrbitNoteWidgetBundle.swift in Sources */ = {isa = PBXBuildFile; fileRef = 000000000000000000000223 /* OrbitNoteWidgetBundle.swift */; };
		00000000000000000000011D /* OrbitNoteWidget.swift in Sources */ = {isa = PBXBuildFile; fileRef = 000000000000000000000222 /* OrbitNoteWidget.swift */; };
		00000000000000000000011E /* OrbitWidgetProvider.swift in Sources */ = {isa = PBXBuildFile; fileRef = 000000000000000000000220 /* OrbitWidgetProvider.swift */; };
		00000000000000000000011F /* OrbitWidgetView.swift in Sources */ = {isa = PBXBuildFile; fileRef = 000000000000000000000221 /* OrbitWidgetView.swift */; };
		000000000000000000000120 /* OrbitWidgetSnapshotReader.swift in Sources */ = {isa = PBXBuildFile; fileRef = 00000000000000000000021F /* OrbitWidgetSnapshotReader.swift */; };
		000000000000000000000121 /* OrbitWidgetSnapshot.swift in Sources */ = {isa = PBXBuildFile; fileRef = 00000000000000000000021A /* OrbitWidgetSnapshot.swift */; };
		000000000000000000000122 /* OrbitNoteWidget.appex in Embed App Extensions */ = {isa = PBXBuildFile; fileRef = 000000000000000000000002 /* OrbitNoteWidget.appex */; settings = {ATTRIBUTES = (RemoveHeadersOnCopy, ); }; };
		000000000000000000000123 /* DeepLinkRouter.swift in Sources */ = {isa = PBXBuildFile; fileRef = 000000000000000000000225 /* DeepLinkRouter.swift */; };
/* End PBXBuildFile section */

/* Begin PBXContainerItemProxy section */
		000000000000000000000503 /* PBXContainerItemProxy */ = {
			isa = PBXContainerItemProxy;
			containerPortal = 000000000000000000000601 /* Project object */;
			proxyType = 1;
			remoteGlobalIDString = 000000000000000000000502;
			remoteInfo = OrbitNoteWidget;
		};
/* End PBXContainerItemProxy section */

/* Begin PBXCopyFilesBuildPhase section */
		000000000000000000000703 /* Embed App Extensions */ = {
			isa = PBXCopyFilesBuildPhase;
			buildActionMask = 2147483647;
			dstPath = "";
			dstSubfolderSpec = 13;
			files = (
				000000000000000000000122 /* OrbitNoteWidget.appex in Embed App Extensions */,
			);
			name = "Embed App Extensions";
			runOnlyForDeploymentPostprocessing = 0;
		};
/* End PBXCopyFilesBuildPhase section */

/* Begin PBXFileReference section */
		000000000000000000000001 /* OrbitNote.app */ = {isa = PBXFileReference; explicitFileType = wrapper.application; includeInIndex = 0; path = OrbitNote.app; sourceTree = BUILT_PRODUCTS_DIR; };
		000000000000000000000002 /* OrbitNoteWidget.appex */ = {isa = PBXFileReference; explicitFileType = "wrapper.app-extension"; includeInIndex = 0; path = OrbitNoteWidget.appex; sourceTree = BUILT_PRODUCTS_DIR; };
		000000000000000000000200 /* Assets.xcassets */ = {isa = PBXFileReference; lastKnownFileType = folder.assetcatalog; path = Assets.xcassets; sourceTree = "<group>"; };
		000000000000000000000201 /* OrbitNoteApp.swift */ = {isa = PBXFileReference; lastKnownFileType = sourcecode.swift; path = OrbitNoteApp.swift; sourceTree = "<group>"; };
		000000000000000000000202 /* RootView.swift */ = {isa = PBXFileReference; lastKnownFileType = sourcecode.swift; path = RootView.swift; sourceTree = "<group>"; };
		000000000000000000000203 /* OrbitEntry.swift */ = {isa = PBXFileReference; lastKnownFileType = sourcecode.swift; path = Models/OrbitEntry.swift; sourceTree = "<group>"; };
		000000000000000000000204 /* OrbitTheme.swift */ = {isa = PBXFileReference; lastKnownFileType = sourcecode.swift; path = DesignSystem/OrbitTheme.swift; sourceTree = "<group>"; };
		000000000000000000000205 /* OrbitStore.swift */ = {isa = PBXFileReference; lastKnownFileType = sourcecode.swift; path = Data/OrbitStore.swift; sourceTree = "<group>"; };
		000000000000000000000206 /* GlassCard.swift */ = {isa = PBXFileReference; lastKnownFileType = sourcecode.swift; path = Components/GlassCard.swift; sourceTree = "<group>"; };
		000000000000000000000207 /* Pills.swift */ = {isa = PBXFileReference; lastKnownFileType = sourcecode.swift; path = Components/Pills.swift; sourceTree = "<group>"; };
		000000000000000000000208 /* OrbitPoint.swift */ = {isa = PBXFileReference; lastKnownFileType = sourcecode.swift; path = Components/OrbitPoint.swift; sourceTree = "<group>"; };
		000000000000000000000209 /* OrbitCanvas.swift */ = {isa = PBXFileReference; lastKnownFileType = sourcecode.swift; path = Components/OrbitCanvas.swift; sourceTree = "<group>"; };
		00000000000000000000020A /* OrbitSummaryCard.swift */ = {isa = PBXFileReference; lastKnownFileType = sourcecode.swift; path = Components/OrbitSummaryCard.swift; sourceTree = "<group>"; };
		00000000000000000000020B /* MiniOrbitCard.swift */ = {isa = PBXFileReference; lastKnownFileType = sourcecode.swift; path = Components/MiniOrbitCard.swift; sourceTree = "<group>"; };
		00000000000000000000020C /* EmptyState.swift */ = {isa = PBXFileReference; lastKnownFileType = sourcecode.swift; path = Components/EmptyState.swift; sourceTree = "<group>"; };
		00000000000000000000020D /* OrbitHomeView.swift */ = {isa = PBXFileReference; lastKnownFileType = sourcecode.swift; path = Views/Orbit/OrbitHomeView.swift; sourceTree = "<group>"; };
		00000000000000000000020E /* OrbitDetailView.swift */ = {isa = PBXFileReference; lastKnownFileType = sourcecode.swift; path = Views/Orbit/OrbitDetailView.swift; sourceTree = "<group>"; };
		00000000000000000000020F /* AddEntryView.swift */ = {isa = PBXFileReference; lastKnownFileType = sourcecode.swift; path = Views/Add/AddEntryView.swift; sourceTree = "<group>"; };
		000000000000000000000210 /* TimelineScreen.swift */ = {isa = PBXFileReference; lastKnownFileType = sourcecode.swift; path = Views/Timeline/TimelineScreen.swift; sourceTree = "<group>"; };
		000000000000000000000211 /* DayOrbitDetailView.swift */ = {isa = PBXFileReference; lastKnownFileType = sourcecode.swift; path = Views/Timeline/DayOrbitDetailView.swift; sourceTree = "<group>"; };
		000000000000000000000212 /* MeView.swift */ = {isa = PBXFileReference; lastKnownFileType = sourcecode.swift; path = Views/Me/MeView.swift; sourceTree = "<group>"; };
		000000000000000000000213 /* OrbitEntryModel.swift */ = {isa = PBXFileReference; lastKnownFileType = sourcecode.swift; path = Models/OrbitEntryModel.swift; sourceTree = "<group>"; };
		000000000000000000000214 /* OrbitSeedData.swift */ = {isa = PBXFileReference; lastKnownFileType = sourcecode.swift; path = Data/OrbitSeedData.swift; sourceTree = "<group>"; };
		000000000000000000000215 /* OrbitExportService.swift */ = {isa = PBXFileReference; lastKnownFileType = sourcecode.swift; path = Data/OrbitExportService.swift; sourceTree = "<group>"; };
		000000000000000000000216 /* ShareSheet.swift */ = {isa = PBXFileReference; lastKnownFileType = sourcecode.swift; path = Components/ShareSheet.swift; sourceTree = "<group>"; };
		000000000000000000000217 /* ToastBanner.swift */ = {isa = PBXFileReference; lastKnownFileType = sourcecode.swift; path = Components/ToastBanner.swift; sourceTree = "<group>"; };
		000000000000000000000218 /* OnboardingView.swift */ = {isa = PBXFileReference; lastKnownFileType = sourcecode.swift; path = Views/Onboarding/OnboardingView.swift; sourceTree = "<group>"; };
		000000000000000000000219 /* ReminderService.swift */ = {isa = PBXFileReference; lastKnownFileType = sourcecode.swift; path = Data/ReminderService.swift; sourceTree = "<group>"; };
		00000000000000000000021A /* OrbitWidgetSnapshot.swift */ = {isa = PBXFileReference; lastKnownFileType = sourcecode.swift; path = Models/OrbitWidgetSnapshot.swift; sourceTree = "<group>"; };
		00000000000000000000021B /* WidgetSnapshotService.swift */ = {isa = PBXFileReference; lastKnownFileType = sourcecode.swift; path = Data/WidgetSnapshotService.swift; sourceTree = "<group>"; };
		00000000000000000000021C /* OrbitNote.entitlements */ = {isa = PBXFileReference; lastKnownFileType = text.plist.entitlements; path = OrbitNote.entitlements; sourceTree = "<group>"; };
		00000000000000000000021D /* OrbitNoteWidget.entitlements */ = {isa = PBXFileReference; lastKnownFileType = text.plist.entitlements; path = OrbitNoteWidget.entitlements; sourceTree = "<group>"; };
		00000000000000000000021E /* Info.plist */ = {isa = PBXFileReference; lastKnownFileType = text.plist.xml; path = Info.plist; sourceTree = "<group>"; };
		00000000000000000000021F /* OrbitWidgetSnapshotReader.swift */ = {isa = PBXFileReference; lastKnownFileType = sourcecode.swift; path = OrbitWidgetSnapshotReader.swift; sourceTree = "<group>"; };
		000000000000000000000220 /* OrbitWidgetProvider.swift */ = {isa = PBXFileReference; lastKnownFileType = sourcecode.swift; path = OrbitWidgetProvider.swift; sourceTree = "<group>"; };
		000000000000000000000221 /* OrbitWidgetView.swift */ = {isa = PBXFileReference; lastKnownFileType = sourcecode.swift; path = OrbitWidgetView.swift; sourceTree = "<group>"; };
		000000000000000000000222 /* OrbitNoteWidget.swift */ = {isa = PBXFileReference; lastKnownFileType = sourcecode.swift; path = OrbitNoteWidget.swift; sourceTree = "<group>"; };
		000000000000000000000223 /* OrbitNoteWidgetBundle.swift */ = {isa = PBXFileReference; lastKnownFileType = sourcecode.swift; path = OrbitNoteWidgetBundle.swift; sourceTree = "<group>"; };
		000000000000000000000224 /* Info.plist */ = {isa = PBXFileReference; lastKnownFileType = text.plist.xml; path = Info.plist; sourceTree = "<group>"; };
		000000000000000000000225 /* DeepLinkRouter.swift */ = {isa = PBXFileReference; lastKnownFileType = sourcecode.swift; path = Routing/DeepLinkRouter.swift; sourceTree = "<group>"; };
/* End PBXFileReference section */

/* Begin PBXFrameworksBuildPhase section */
		000000000000000000000301 /* Frameworks */ = {
			isa = PBXFrameworksBuildPhase;
			buildActionMask = 2147483647;
			files = (
			);
			runOnlyForDeploymentPostprocessing = 0;
		};
		000000000000000000000302 /* Frameworks */ = {
			isa = PBXFrameworksBuildPhase;
			buildActionMask = 2147483647;
			files = (
			);
			runOnlyForDeploymentPostprocessing = 0;
		};
/* End PBXFrameworksBuildPhase section */

/* Begin PBXGroup section */
		000000000000000000000401 = {
			isa = PBXGroup;
			children = (
				000000000000000000000402 /* OrbitNote */,
				000000000000000000000404 /* OrbitNoteWidget */,
				000000000000000000000403 /* Products */,
			);
			sourceTree = "<group>";
		};
		000000000000000000000402 /* OrbitNote */ = {
			isa = PBXGroup;
			children = (
				000000000000000000000201 /* OrbitNoteApp.swift */,
				000000000000000000000200 /* Assets.xcassets */,
				000000000000000000000224 /* Info.plist */,
				00000000000000000000021C /* OrbitNote.entitlements */,
				000000000000000000000202 /* RootView.swift */,
				000000000000000000000225 /* DeepLinkRouter.swift */,
				000000000000000000000203 /* OrbitEntry.swift */,
				000000000000000000000213 /* OrbitEntryModel.swift */,
				00000000000000000000021A /* OrbitWidgetSnapshot.swift */,
				000000000000000000000205 /* OrbitStore.swift */,
				000000000000000000000214 /* OrbitSeedData.swift */,
				000000000000000000000215 /* OrbitExportService.swift */,
				000000000000000000000219 /* ReminderService.swift */,
				00000000000000000000021B /* WidgetSnapshotService.swift */,
				000000000000000000000204 /* OrbitTheme.swift */,
				000000000000000000000206 /* GlassCard.swift */,
				000000000000000000000207 /* Pills.swift */,
				000000000000000000000208 /* OrbitPoint.swift */,
				000000000000000000000209 /* OrbitCanvas.swift */,
				00000000000000000000020A /* OrbitSummaryCard.swift */,
				00000000000000000000020B /* MiniOrbitCard.swift */,
				00000000000000000000020C /* EmptyState.swift */,
				000000000000000000000216 /* ShareSheet.swift */,
				000000000000000000000217 /* ToastBanner.swift */,
				00000000000000000000020D /* OrbitHomeView.swift */,
				00000000000000000000020E /* OrbitDetailView.swift */,
				00000000000000000000020F /* AddEntryView.swift */,
				000000000000000000000210 /* TimelineScreen.swift */,
				000000000000000000000211 /* DayOrbitDetailView.swift */,
				000000000000000000000212 /* MeView.swift */,
				000000000000000000000218 /* OnboardingView.swift */,
			);
			path = OrbitNote;
			sourceTree = "<group>";
		};
		000000000000000000000403 /* Products */ = {
			isa = PBXGroup;
			children = (
				000000000000000000000001 /* OrbitNote.app */,
				000000000000000000000002 /* OrbitNoteWidget.appex */,
			);
			name = Products;
			sourceTree = "<group>";
		};
		000000000000000000000404 /* OrbitNoteWidget */ = {
			isa = PBXGroup;
			children = (
				00000000000000000000021D /* OrbitNoteWidget.entitlements */,
				00000000000000000000021E /* Info.plist */,
				000000000000000000000223 /* OrbitNoteWidgetBundle.swift */,
				000000000000000000000222 /* OrbitNoteWidget.swift */,
				000000000000000000000220 /* OrbitWidgetProvider.swift */,
				000000000000000000000221 /* OrbitWidgetView.swift */,
				00000000000000000000021F /* OrbitWidgetSnapshotReader.swift */,
			);
			path = OrbitNoteWidget;
			sourceTree = "<group>";
		};
/* End PBXGroup section */

/* Begin PBXNativeTarget section */
		000000000000000000000501 /* OrbitNote */ = {
			isa = PBXNativeTarget;
			buildConfigurationList = 000000000000000000000901 /* Build configuration list for PBXNativeTarget "OrbitNote" */;
			buildPhases = (
				000000000000000000000701 /* Sources */,
				000000000000000000000301 /* Frameworks */,
				000000000000000000000702 /* Resources */,
				000000000000000000000703 /* Embed App Extensions */,
			);
			buildRules = (
			);
			dependencies = (
				000000000000000000000504 /* PBXTargetDependency */,
			);
			name = OrbitNote;
			productName = OrbitNote;
			productReference = 000000000000000000000001 /* OrbitNote.app */;
			productType = "com.apple.product-type.application";
		};
		000000000000000000000502 /* OrbitNoteWidget */ = {
			isa = PBXNativeTarget;
			buildConfigurationList = 000000000000000000000903 /* Build configuration list for PBXNativeTarget "OrbitNoteWidget" */;
			buildPhases = (
				000000000000000000000705 /* Sources */,
				000000000000000000000302 /* Frameworks */,
				000000000000000000000704 /* Resources */,
			);
			buildRules = (
			);
			dependencies = (
			);
			name = OrbitNoteWidget;
			productName = OrbitNoteWidget;
			productReference = 000000000000000000000002 /* OrbitNoteWidget.appex */;
			productType = "com.apple.product-type.app-extension";
		};
/* End PBXNativeTarget section */

/* Begin PBXProject section */
		000000000000000000000601 /* Project object */ = {
			isa = PBXProject;
			attributes = {
				BuildIndependentTargetsInParallel = 1;
				LastSwiftUpdateCheck = 1600;
				LastUpgradeCheck = 1600;
				TargetAttributes = {
					000000000000000000000501 = {
						CreatedOnToolsVersion = 16.0;
					};
					000000000000000000000502 = {
						CreatedOnToolsVersion = 16.0;
					};
				};
			};
			buildConfigurationList = 000000000000000000000902 /* Build configuration list for PBXProject "OrbitNote" */;
			compatibilityVersion = "Xcode 14.0";
			developmentRegion = en;
			hasScannedForEncodings = 0;
			knownRegions = (
				en,
				Base,
			);
			mainGroup = 000000000000000000000401;
			productRefGroup = 000000000000000000000403 /* Products */;
			projectDirPath = "";
			projectRoot = "";
			targets = (
				000000000000000000000501 /* OrbitNote */,
				000000000000000000000502 /* OrbitNoteWidget */,
			);
		};
/* End PBXProject section */

/* Begin PBXResourcesBuildPhase section */
		000000000000000000000702 /* Resources */ = {
			isa = PBXResourcesBuildPhase;
			buildActionMask = 2147483647;
			files = (
				000000000000000000000100 /* Assets.xcassets in Resources */,
			);
			runOnlyForDeploymentPostprocessing = 0;
		};
		000000000000000000000704 /* Resources */ = {
			isa = PBXResourcesBuildPhase;
			buildActionMask = 2147483647;
			files = (
			);
			runOnlyForDeploymentPostprocessing = 0;
		};
/* End PBXResourcesBuildPhase section */

/* Begin PBXSourcesBuildPhase section */
		000000000000000000000701 /* Sources */ = {
			isa = PBXSourcesBuildPhase;
			buildActionMask = 2147483647;
			files = (
				000000000000000000000101 /* OrbitNoteApp.swift in Sources */,
				000000000000000000000102 /* RootView.swift in Sources */,
				000000000000000000000103 /* OrbitEntry.swift in Sources */,
				000000000000000000000104 /* OrbitTheme.swift in Sources */,
				000000000000000000000105 /* OrbitStore.swift in Sources */,
				000000000000000000000106 /* GlassCard.swift in Sources */,
				000000000000000000000107 /* Pills.swift in Sources */,
				000000000000000000000108 /* OrbitPoint.swift in Sources */,
				000000000000000000000109 /* OrbitCanvas.swift in Sources */,
				00000000000000000000010A /* OrbitSummaryCard.swift in Sources */,
				00000000000000000000010B /* MiniOrbitCard.swift in Sources */,
				00000000000000000000010C /* EmptyState.swift in Sources */,
				00000000000000000000010D /* OrbitHomeView.swift in Sources */,
				00000000000000000000010E /* OrbitDetailView.swift in Sources */,
				00000000000000000000010F /* AddEntryView.swift in Sources */,
				000000000000000000000110 /* TimelineScreen.swift in Sources */,
				000000000000000000000111 /* DayOrbitDetailView.swift in Sources */,
				000000000000000000000112 /* MeView.swift in Sources */,
				000000000000000000000113 /* OrbitEntryModel.swift in Sources */,
				000000000000000000000114 /* OrbitSeedData.swift in Sources */,
				000000000000000000000115 /* OrbitExportService.swift in Sources */,
				000000000000000000000116 /* ShareSheet.swift in Sources */,
				000000000000000000000117 /* ToastBanner.swift in Sources */,
				000000000000000000000118 /* OnboardingView.swift in Sources */,
				000000000000000000000119 /* ReminderService.swift in Sources */,
				00000000000000000000011A /* OrbitWidgetSnapshot.swift in Sources */,
				00000000000000000000011B /* WidgetSnapshotService.swift in Sources */,
				000000000000000000000123 /* DeepLinkRouter.swift in Sources */,
			);
			runOnlyForDeploymentPostprocessing = 0;
		};
		000000000000000000000705 /* Sources */ = {
			isa = PBXSourcesBuildPhase;
			buildActionMask = 2147483647;
			files = (
				00000000000000000000011C /* OrbitNoteWidgetBundle.swift in Sources */,
				00000000000000000000011D /* OrbitNoteWidget.swift in Sources */,
				00000000000000000000011E /* OrbitWidgetProvider.swift in Sources */,
				00000000000000000000011F /* OrbitWidgetView.swift in Sources */,
				000000000000000000000120 /* OrbitWidgetSnapshotReader.swift in Sources */,
				000000000000000000000121 /* OrbitWidgetSnapshot.swift in Sources */,
			);
			runOnlyForDeploymentPostprocessing = 0;
		};
/* End PBXSourcesBuildPhase section */

/* Begin PBXTargetDependency section */
		000000000000000000000504 /* PBXTargetDependency */ = {
			isa = PBXTargetDependency;
			target = 000000000000000000000502 /* OrbitNoteWidget */;
			targetProxy = 000000000000000000000503 /* PBXContainerItemProxy */;
		};
/* End PBXTargetDependency section */

/* Begin XCBuildConfiguration section */
		000000000000000000000801 /* Debug */ = {
			isa = XCBuildConfiguration;
			buildSettings = {
				ALWAYS_SEARCH_USER_PATHS = NO;
				CLANG_ANALYZER_NONNULL = YES;
				CLANG_ANALYZER_NUMBER_OBJECT_CONVERSION = YES_AGGRESSIVE;
				CLANG_CXX_LANGUAGE_STANDARD = "gnu++20";
				CLANG_ENABLE_MODULES = YES;
				CLANG_ENABLE_OBJC_ARC = YES;
				CLANG_ENABLE_OBJC_WEAK = YES;
				CLANG_WARN_BLOCK_CAPTURE_AUTORELEASING = YES;
				CLANG_WARN_BOOL_CONVERSION = YES;
				CLANG_WARN_COMMA = YES;
				CLANG_WARN_CONSTANT_CONVERSION = YES;
				CLANG_WARN_DEPRECATED_OBJC_IMPLEMENTATIONS = YES;
				CLANG_WARN_DIRECT_OBJC_ISA_USAGE = YES_ERROR;
				CLANG_WARN_DOCUMENTATION_COMMENTS = YES;
				CLANG_WARN_EMPTY_BODY = YES;
				CLANG_WARN_ENUM_CONVERSION = YES;
				CLANG_WARN_INFINITE_RECURSION = YES;
				CLANG_WARN_INT_CONVERSION = YES;
				CLANG_WARN_NON_LITERAL_NULL_CONVERSION = YES;
				CLANG_WARN_OBJC_IMPLICIT_RETAIN_SELF = YES;
				CLANG_WARN_OBJC_LITERAL_CONVERSION = YES;
				CLANG_WARN_OBJC_ROOT_CLASS = YES_ERROR;
				CLANG_WARN_QUOTED_INCLUDE_IN_FRAMEWORK_HEADER = YES;
				CLANG_WARN_RANGE_LOOP_ANALYSIS = YES;
				CLANG_WARN_STRICT_PROTOTYPES = YES;
				CLANG_WARN_SUSPICIOUS_MOVE = YES;
				CLANG_WARN_UNGUARDED_AVAILABILITY = YES_AGGRESSIVE;
				CLANG_WARN_UNREACHABLE_CODE = YES;
				CLANG_WARN__DUPLICATE_METHOD_MATCH = YES;
				COPY_PHASE_STRIP = NO;
				DEBUG_INFORMATION_FORMAT = dwarf;
				ENABLE_STRICT_OBJC_MSGSEND = YES;
				ENABLE_TESTABILITY = YES;
				ENABLE_USER_SCRIPT_SANDBOXING = YES;
				GCC_C_LANGUAGE_STANDARD = gnu17;
				GCC_DYNAMIC_NO_PIC = NO;
				GCC_NO_COMMON_BLOCKS = YES;
				GCC_OPTIMIZATION_LEVEL = 0;
				GCC_PREPROCESSOR_DEFINITIONS = (
					"DEBUG=1",
					"$(inherited)",
				);
				GCC_WARN_64_TO_32_BIT_CONVERSION = YES;
				GCC_WARN_ABOUT_RETURN_TYPE = YES_ERROR;
				GCC_WARN_UNDECLARED_SELECTOR = YES;
				GCC_WARN_UNINITIALIZED_AUTOS = YES_AGGRESSIVE;
				GCC_WARN_UNUSED_FUNCTION = YES;
				GCC_WARN_UNUSED_VARIABLE = YES;
				IPHONEOS_DEPLOYMENT_TARGET = 17.0;
				MTL_ENABLE_DEBUG_INFO = INCLUDE_SOURCE;
				MTL_FAST_MATH = YES;
				ONLY_ACTIVE_ARCH = YES;
				SDKROOT = iphoneos;
				SWIFT_ACTIVE_COMPILATION_CONDITIONS = DEBUG;
				SWIFT_OPTIMIZATION_LEVEL = "-Onone";
			};
			name = Debug;
		};
		000000000000000000000802 /* Release */ = {
			isa = XCBuildConfiguration;
			buildSettings = {
				ALWAYS_SEARCH_USER_PATHS = NO;
				CLANG_ANALYZER_NONNULL = YES;
				CLANG_ANALYZER_NUMBER_OBJECT_CONVERSION = YES_AGGRESSIVE;
				CLANG_CXX_LANGUAGE_STANDARD = "gnu++20";
				CLANG_ENABLE_MODULES = YES;
				CLANG_ENABLE_OBJC_ARC = YES;
				CLANG_ENABLE_OBJC_WEAK = YES;
				CLANG_WARN_BLOCK_CAPTURE_AUTORELEASING = YES;
				CLANG_WARN_BOOL_CONVERSION = YES;
				CLANG_WARN_COMMA = YES;
				CLANG_WARN_CONSTANT_CONVERSION = YES;
				CLANG_WARN_DEPRECATED_OBJC_IMPLEMENTATIONS = YES;
				CLANG_WARN_DIRECT_OBJC_ISA_USAGE = YES_ERROR;
				CLANG_WARN_DOCUMENTATION_COMMENTS = YES;
				CLANG_WARN_EMPTY_BODY = YES;
				CLANG_WARN_ENUM_CONVERSION = YES;
				CLANG_WARN_INFINITE_RECURSION = YES;
				CLANG_WARN_INT_CONVERSION = YES;
				CLANG_WARN_NON_LITERAL_NULL_CONVERSION = YES;
				CLANG_WARN_OBJC_IMPLICIT_RETAIN_SELF = YES;
				CLANG_WARN_OBJC_LITERAL_CONVERSION = YES;
				CLANG_WARN_OBJC_ROOT_CLASS = YES_ERROR;
				CLANG_WARN_QUOTED_INCLUDE_IN_FRAMEWORK_HEADER = YES;
				CLANG_WARN_RANGE_LOOP_ANALYSIS = YES;
				CLANG_WARN_STRICT_PROTOTYPES = YES;
				CLANG_WARN_SUSPICIOUS_MOVE = YES;
				CLANG_WARN_UNGUARDED_AVAILABILITY = YES_AGGRESSIVE;
				CLANG_WARN_UNREACHABLE_CODE = YES;
				CLANG_WARN__DUPLICATE_METHOD_MATCH = YES;
				COPY_PHASE_STRIP = NO;
				DEBUG_INFORMATION_FORMAT = "dwarf-with-dsym";
				ENABLE_NS_ASSERTIONS = NO;
				ENABLE_STRICT_OBJC_MSGSEND = YES;
				ENABLE_USER_SCRIPT_SANDBOXING = YES;
				GCC_C_LANGUAGE_STANDARD = gnu17;
				GCC_NO_COMMON_BLOCKS = YES;
				GCC_WARN_64_TO_32_BIT_CONVERSION = YES;
				GCC_WARN_ABOUT_RETURN_TYPE = YES_ERROR;
				GCC_WARN_UNDECLARED_SELECTOR = YES;
				GCC_WARN_UNINITIALIZED_AUTOS = YES_AGGRESSIVE;
				GCC_WARN_UNUSED_FUNCTION = YES;
				GCC_WARN_UNUSED_VARIABLE = YES;
				IPHONEOS_DEPLOYMENT_TARGET = 17.0;
				MTL_ENABLE_DEBUG_INFO = NO;
				MTL_FAST_MATH = YES;
				SDKROOT = iphoneos;
				SWIFT_COMPILATION_MODE = wholemodule;
				VALIDATE_PRODUCT = YES;
			};
			name = Release;
		};
		000000000000000000000803 /* Debug */ = {
			isa = XCBuildConfiguration;
			buildSettings = {
				ASSETCATALOG_COMPILER_APPICON_NAME = AppIcon;
				CODE_SIGN_ENTITLEMENTS = OrbitNote/OrbitNote.entitlements;
				CODE_SIGN_STYLE = Automatic;
				CURRENT_PROJECT_VERSION = 1;
				DEVELOPMENT_ASSET_PATHS = "";
				DEVELOPMENT_TEAM = "";
				ENABLE_PREVIEWS = YES;
				GENERATE_INFOPLIST_FILE = NO;
				INFOPLIST_FILE = OrbitNote/Info.plist;
				IPHONEOS_DEPLOYMENT_TARGET = 17.0;
				LD_RUNPATH_SEARCH_PATHS = (
					"$(inherited)",
					"@executable_path/Frameworks",
				);
				MARKETING_VERSION = 0.1;
				PRODUCT_BUNDLE_IDENTIFIER = com.codex.orbitnote;
				PRODUCT_NAME = "$(TARGET_NAME)";
				SWIFT_EMIT_LOC_STRINGS = YES;
				SWIFT_VERSION = 5.0;
				TARGETED_DEVICE_FAMILY = 1;
			};
			name = Debug;
		};
		000000000000000000000804 /* Release */ = {
			isa = XCBuildConfiguration;
			buildSettings = {
				ASSETCATALOG_COMPILER_APPICON_NAME = AppIcon;
				CODE_SIGN_ENTITLEMENTS = OrbitNote/OrbitNote.entitlements;
				CODE_SIGN_STYLE = Automatic;
				CURRENT_PROJECT_VERSION = 1;
				DEVELOPMENT_ASSET_PATHS = "";
				DEVELOPMENT_TEAM = "";
				ENABLE_PREVIEWS = YES;
				GENERATE_INFOPLIST_FILE = NO;
				INFOPLIST_FILE = OrbitNote/Info.plist;
				IPHONEOS_DEPLOYMENT_TARGET = 17.0;
				LD_RUNPATH_SEARCH_PATHS = (
					"$(inherited)",
					"@executable_path/Frameworks",
				);
				MARKETING_VERSION = 0.1;
				PRODUCT_BUNDLE_IDENTIFIER = com.codex.orbitnote;
				PRODUCT_NAME = "$(TARGET_NAME)";
				SWIFT_EMIT_LOC_STRINGS = YES;
				SWIFT_VERSION = 5.0;
				TARGETED_DEVICE_FAMILY = 1;
			};
			name = Release;
		};
		000000000000000000000805 /* Debug */ = {
			isa = XCBuildConfiguration;
			buildSettings = {
				APPLICATION_EXTENSION_API_ONLY = YES;
				CODE_SIGN_ENTITLEMENTS = OrbitNoteWidget/OrbitNoteWidget.entitlements;
				CODE_SIGN_STYLE = Automatic;
				CURRENT_PROJECT_VERSION = 1;
				DEVELOPMENT_TEAM = "";
				GENERATE_INFOPLIST_FILE = NO;
				INFOPLIST_FILE = OrbitNoteWidget/Info.plist;
				IPHONEOS_DEPLOYMENT_TARGET = 17.0;
				LD_RUNPATH_SEARCH_PATHS = (
					"$(inherited)",
					"@executable_path/Frameworks",
					"@executable_path/../../Frameworks",
				);
				MARKETING_VERSION = 0.1;
				PRODUCT_BUNDLE_IDENTIFIER = com.codex.orbitnote.widget;
				PRODUCT_NAME = "$(TARGET_NAME)";
				SKIP_INSTALL = YES;
				SWIFT_EMIT_LOC_STRINGS = YES;
				SWIFT_VERSION = 5.0;
				TARGETED_DEVICE_FAMILY = 1;
			};
			name = Debug;
		};
		000000000000000000000806 /* Release */ = {
			isa = XCBuildConfiguration;
			buildSettings = {
				APPLICATION_EXTENSION_API_ONLY = YES;
				CODE_SIGN_ENTITLEMENTS = OrbitNoteWidget/OrbitNoteWidget.entitlements;
				CODE_SIGN_STYLE = Automatic;
				CURRENT_PROJECT_VERSION = 1;
				DEVELOPMENT_TEAM = "";
				GENERATE_INFOPLIST_FILE = NO;
				INFOPLIST_FILE = OrbitNoteWidget/Info.plist;
				IPHONEOS_DEPLOYMENT_TARGET = 17.0;
				LD_RUNPATH_SEARCH_PATHS = (
					"$(inherited)",
					"@executable_path/Frameworks",
					"@executable_path/../../Frameworks",
				);
				MARKETING_VERSION = 0.1;
				PRODUCT_BUNDLE_IDENTIFIER = com.codex.orbitnote.widget;
				PRODUCT_NAME = "$(TARGET_NAME)";
				SKIP_INSTALL = YES;
				SWIFT_EMIT_LOC_STRINGS = YES;
				SWIFT_VERSION = 5.0;
				TARGETED_DEVICE_FAMILY = 1;
			};
			name = Release;
		};
/* End XCBuildConfiguration section */

/* Begin XCConfigurationList section */
		000000000000000000000901 /* Build configuration list for PBXNativeTarget "OrbitNote" */ = {
			isa = XCConfigurationList;
			buildConfigurations = (
				000000000000000000000803 /* Debug */,
				000000000000000000000804 /* Release */,
			);
			defaultConfigurationIsVisible = 0;
			defaultConfigurationName = Release;
		};
		000000000000000000000902 /* Build configuration list for PBXProject "OrbitNote" */ = {
			isa = XCConfigurationList;
			buildConfigurations = (
				000000000000000000000801 /* Debug */,
				000000000000000000000802 /* Release */,
			);
			defaultConfigurationIsVisible = 0;
			defaultConfigurationName = Release;
		};
		000000000000000000000903 /* Build configuration list for PBXNativeTarget "OrbitNoteWidget" */ = {
			isa = XCConfigurationList;
			buildConfigurations = (
				000000000000000000000805 /* Debug */,
				000000000000000000000806 /* Release */,
			);
			defaultConfigurationIsVisible = 0;
			defaultConfigurationName = Release;
		};
/* End XCConfigurationList section */
	};
	rootObject = 000000000000000000000601 /* Project object */;
}
